// !$*UTF8*$!
{
	archiveVersion = 1;
	classes = {
	};
	objectVersion = 51;
	objects = {

/* Begin PBXBuildFile section */
		8F11B93D26986C8000F4AFD1 /* AppDelegate.swift in Sources */ = {isa = PBXBuildFile; fileRef = 8F11B93C26986C8000F4AFD1 /* AppDelegate.swift */; };
		8F11B93F26986C8000F4AFD1 /* SceneDelegate.swift in Sources */ = {isa = PBXBuildFile; fileRef = 8F11B93E26986C8000F4AFD1 /* SceneDelegate.swift */; };
		8F11B94126986C8000F4AFD1 /* WatchListViewController.swift in Sources */ = {isa = PBXBuildFile; fileRef = 8F11B94026986C8000F4AFD1 /* WatchListViewController.swift */; };
		8F11B94626986C8200F4AFD1 /* Assets.xcassets in Resources */ = {isa = PBXBuildFile; fileRef = 8F11B94526986C8200F4AFD1 /* Assets.xcassets */; };
		8F11B94926986C8200F4AFD1 /* LaunchScreen.storyboard in Resources */ = {isa = PBXBuildFile; fileRef = 8F11B94726986C8200F4AFD1 /* LaunchScreen.storyboard */; };
		8F11B95626986DDA00F4AFD1 /* NewsViewController.swift in Sources */ = {isa = PBXBuildFile; fileRef = 8F11B95526986DDA00F4AFD1 /* NewsViewController.swift */; };
		8F11B95826986DE700F4AFD1 /* SearchResultViewController.swift in Sources */ = {isa = PBXBuildFile; fileRef = 8F11B95726986DE700F4AFD1 /* SearchResultViewController.swift */; };
		8F11B95A26986DF000F4AFD1 /* StockDetailsViewController.swift in Sources */ = {isa = PBXBuildFile; fileRef = 8F11B95926986DF000F4AFD1 /* StockDetailsViewController.swift */; };
		8F11B95C269871D800F4AFD1 /* APICaller.swift in Sources */ = {isa = PBXBuildFile; fileRef = 8F11B95B269871D800F4AFD1 /* APICaller.swift */; };
		8F11B95E269871EA00F4AFD1 /* PersistenceManager.swift in Sources */ = {isa = PBXBuildFile; fileRef = 8F11B95D269871EA00F4AFD1 /* PersistenceManager.swift */; };
		8F11B960269871F700F4AFD1 /* HapticsManager.swift in Sources */ = {isa = PBXBuildFile; fileRef = 8F11B95F269871F600F4AFD1 /* HapticsManager.swift */; };
		8F11B9622699457400F4AFD1 /* UIKit.swift in Sources */ = {isa = PBXBuildFile; fileRef = 8F11B9612699457400F4AFD1 /* UIKit.swift */; };
		8F11B9642699485F00F4AFD1 /* SearchResultTableViewCell.swift in Sources */ = {isa = PBXBuildFile; fileRef = 8F11B9632699485F00F4AFD1 /* SearchResultTableViewCell.swift */; };
		8F11B9662699BAEC00F4AFD1 /* SearchResponse.swift in Sources */ = {isa = PBXBuildFile; fileRef = 8F11B9652699BAEC00F4AFD1 /* SearchResponse.swift */; };
		8F1A309726DB3D010061A48A /* WatchlistTableViewCellViewModel.swift in Sources */ = {isa = PBXBuildFile; fileRef = 8F1A309626DB3D010061A48A /* WatchlistTableViewCellViewModel.swift */; };
		8F65B6B6269AE1B8001FC19D /* NewsHeaderView.swift in Sources */ = {isa = PBXBuildFile; fileRef = 8F65B6B5269AE1B8001FC19D /* NewsHeaderView.swift */; };
		8F65B6B8269B3B98001FC19D /* NewsStory.swift in Sources */ = {isa = PBXBuildFile; fileRef = 8F65B6B7269B3B98001FC19D /* NewsStory.swift */; };
		8F65B6BA269C2116001FC19D /* NewsStoryTableViewCell.swift in Sources */ = {isa = PBXBuildFile; fileRef = 8F65B6B9269C2116001FC19D /* NewsStoryTableViewCell.swift */; };
		8F70574C26D23CBA00F94E37 /* Date and Calendar.swift in Sources */ = {isa = PBXBuildFile; fileRef = 8F70574B26D23CBA00F94E37 /* Date and Calendar.swift */; };
		8F70574F26D23D3500F94E37 /* Numbers.swift in Sources */ = {isa = PBXBuildFile; fileRef = 8F70574E26D23D3500F94E37 /* Numbers.swift */; };
		8F70575126D23D7D00F94E37 /* Notification.swift in Sources */ = {isa = PBXBuildFile; fileRef = 8F70575026D23D7D00F94E37 /* Notification.swift */; };
		8F878BFC269E9B8D00ACE8AF /* StockQuote.swift in Sources */ = {isa = PBXBuildFile; fileRef = 8F878BFB269E9B8D00ACE8AF /* StockQuote.swift */; };
		8F878BFE269F11B200ACE8AF /* StockData.swift in Sources */ = {isa = PBXBuildFile; fileRef = 8F878BFD269F11B200ACE8AF /* StockData.swift */; };
		8F878C0026A02EC200ACE8AF /* Metrics.swift in Sources */ = {isa = PBXBuildFile; fileRef = 8F878BFF26A02EC200ACE8AF /* Metrics.swift */; };
		8F878C0226A0330200ACE8AF /* StockDetailHeaderView.swift in Sources */ = {isa = PBXBuildFile; fileRef = 8F878C0126A0330200ACE8AF /* StockDetailHeaderView.swift */; };
		8F878C0426A0421700ACE8AF /* MetricCollectionViewCell.swift in Sources */ = {isa = PBXBuildFile; fileRef = 8F878C0326A0421700ACE8AF /* MetricCollectionViewCell.swift */; };
		8F878C0C26A1AC8200ACE8AF /* StocksUnitTests.swift in Sources */ = {isa = PBXBuildFile; fileRef = 8F878C0B26A1AC8200ACE8AF /* StocksUnitTests.swift */; };
		8F89E44B26CCC3EC002BD69E /* StockDetailHeaderTitleView.swift in Sources */ = {isa = PBXBuildFile; fileRef = 8F89E44A26CCC3EC002BD69E /* StockDetailHeaderTitleView.swift */; };
		8F89E45B26CE587E002BD69E /* API_Tests.swift in Sources */ = {isa = PBXBuildFile; fileRef = 8F89E45A26CE587E002BD69E /* API_Tests.swift */; };
		8F89E45D26CF5102002BD69E /* Persistence_Manager_Tests.swift in Sources */ = {isa = PBXBuildFile; fileRef = 8F89E45C26CF5102002BD69E /* Persistence_Manager_Tests.swift */; };
		8F89E45F26CFD386002BD69E /* CalendarManager.swift in Sources */ = {isa = PBXBuildFile; fileRef = 8F89E45E26CFD386002BD69E /* CalendarManager.swift */; };
		8F89E46126D005DE002BD69E /* Calendar_Manager_Tests.swift in Sources */ = {isa = PBXBuildFile; fileRef = 8F89E46026D005DE002BD69E /* Calendar_Manager_Tests.swift */; };
		8FB254BE269D31A1004FF1C1 /* StockCandlesResponse.swift in Sources */ = {isa = PBXBuildFile; fileRef = 8FB254BD269D31A1004FF1C1 /* StockCandlesResponse.swift */; };
		8FB254C0269D7EC5004FF1C1 /* WatchListTableViewCell.swift in Sources */ = {isa = PBXBuildFile; fileRef = 8FB254BF269D7EC5004FF1C1 /* WatchListTableViewCell.swift */; };
		8FB254C2269D8254004FF1C1 /* StockChartView.swift in Sources */ = {isa = PBXBuildFile; fileRef = 8FB254C1269D8254004FF1C1 /* StockChartView.swift */; };
		8FEFA99A26D4F4730083931E /* WatchlistFooterView.swift in Sources */ = {isa = PBXBuildFile; fileRef = 8FEFA99926D4F4730083931E /* WatchlistFooterView.swift */; };
		8FEFA99C26D900BE0083931E /* CalendarDate.swift in Sources */ = {isa = PBXBuildFile; fileRef = 8FEFA99B26D900BE0083931E /* CalendarDate.swift */; };
		90A45978F98F376669627D96 /* Pods_Stocks.framework in Frameworks */ = {isa = PBXBuildFile; fileRef = AB7E5693F4F7CF09432B130F /* Pods_Stocks.framework */; };
/* End PBXBuildFile section */

/* Begin PBXContainerItemProxy section */
		8F878C0E26A1AC8200ACE8AF /* PBXContainerItemProxy */ = {
			isa = PBXContainerItemProxy;
			containerPortal = 8F11B93126986C8000F4AFD1 /* Project object */;
			proxyType = 1;
			remoteGlobalIDString = 8F11B93826986C8000F4AFD1;
			remoteInfo = Stocks;
		};
/* End PBXContainerItemProxy section */

/* Begin PBXFileReference section */
		3FACF7EFFDBAD44899E988AD /* Pods-Stocks.debug.xcconfig */ = {isa = PBXFileReference; includeInIndex = 1; lastKnownFileType = text.xcconfig; name = "Pods-Stocks.debug.xcconfig"; path = "Target Support Files/Pods-Stocks/Pods-Stocks.debug.xcconfig"; sourceTree = "<group>"; };
		6D6B2076100EBCB60072D3EB /* Pods-Stocks.release.xcconfig */ = {isa = PBXFileReference; includeInIndex = 1; lastKnownFileType = text.xcconfig; name = "Pods-Stocks.release.xcconfig"; path = "Target Support Files/Pods-Stocks/Pods-Stocks.release.xcconfig"; sourceTree = "<group>"; };
		8F11B93926986C8000F4AFD1 /* U.S. Stocks.app */ = {isa = PBXFileReference; explicitFileType = wrapper.application; includeInIndex = 0; path = "U.S. Stocks.app"; sourceTree = BUILT_PRODUCTS_DIR; };
		8F11B93C26986C8000F4AFD1 /* AppDelegate.swift */ = {isa = PBXFileReference; lastKnownFileType = sourcecode.swift; path = AppDelegate.swift; sourceTree = "<group>"; };
		8F11B93E26986C8000F4AFD1 /* SceneDelegate.swift */ = {isa = PBXFileReference; lastKnownFileType = sourcecode.swift; path = SceneDelegate.swift; sourceTree = "<group>"; };
		8F11B94026986C8000F4AFD1 /* WatchListViewController.swift */ = {isa = PBXFileReference; lastKnownFileType = sourcecode.swift; path = WatchListViewController.swift; sourceTree = "<group>"; };
		8F11B94526986C8200F4AFD1 /* Assets.xcassets */ = {isa = PBXFileReference; lastKnownFileType = folder.assetcatalog; path = Assets.xcassets; sourceTree = "<group>"; };
		8F11B94826986C8200F4AFD1 /* Base */ = {isa = PBXFileReference; lastKnownFileType = file.storyboard; name = Base; path = Base.lproj/LaunchScreen.storyboard; sourceTree = "<group>"; };
		8F11B94A26986C8200F4AFD1 /* Info.plist */ = {isa = PBXFileReference; lastKnownFileType = text.plist.xml; path = Info.plist; sourceTree = "<group>"; };
		8F11B95526986DDA00F4AFD1 /* NewsViewController.swift */ = {isa = PBXFileReference; lastKnownFileType = sourcecode.swift; path = NewsViewController.swift; sourceTree = "<group>"; };
		8F11B95726986DE700F4AFD1 /* SearchResultViewController.swift */ = {isa = PBXFileReference; lastKnownFileType = sourcecode.swift; path = SearchResultViewController.swift; sourceTree = "<group>"; };
		8F11B95926986DF000F4AFD1 /* StockDetailsViewController.swift */ = {isa = PBXFileReference; lastKnownFileType = sourcecode.swift; path = StockDetailsViewController.swift; sourceTree = "<group>"; };
		8F11B95B269871D800F4AFD1 /* APICaller.swift */ = {isa = PBXFileReference; lastKnownFileType = sourcecode.swift; path = APICaller.swift; sourceTree = "<group>"; };
		8F11B95D269871EA00F4AFD1 /* PersistenceManager.swift */ = {isa = PBXFileReference; lastKnownFileType = sourcecode.swift; path = PersistenceManager.swift; sourceTree = "<group>"; };
		8F11B95F269871F600F4AFD1 /* HapticsManager.swift */ = {isa = PBXFileReference; lastKnownFileType = sourcecode.swift; path = HapticsManager.swift; sourceTree = "<group>"; };
		8F11B9612699457400F4AFD1 /* UIKit.swift */ = {isa = PBXFileReference; lastKnownFileType = sourcecode.swift; path = UIKit.swift; sourceTree = "<group>"; };
		8F11B9632699485F00F4AFD1 /* SearchResultTableViewCell.swift */ = {isa = PBXFileReference; lastKnownFileType = sourcecode.swift; path = SearchResultTableViewCell.swift; sourceTree = "<group>"; };
		8F11B9652699BAEC00F4AFD1 /* SearchResponse.swift */ = {isa = PBXFileReference; lastKnownFileType = sourcecode.swift; path = SearchResponse.swift; sourceTree = "<group>"; };
		8F1A309626DB3D010061A48A /* WatchlistTableViewCellViewModel.swift */ = {isa = PBXFileReference; lastKnownFileType = sourcecode.swift; path = WatchlistTableViewCellViewModel.swift; sourceTree = "<group>"; };
		8F65B6B5269AE1B8001FC19D /* NewsHeaderView.swift */ = {isa = PBXFileReference; lastKnownFileType = sourcecode.swift; path = NewsHeaderView.swift; sourceTree = "<group>"; };
		8F65B6B7269B3B98001FC19D /* NewsStory.swift */ = {isa = PBXFileReference; lastKnownFileType = sourcecode.swift; path = NewsStory.swift; sourceTree = "<group>"; };
		8F65B6B9269C2116001FC19D /* NewsStoryTableViewCell.swift */ = {isa = PBXFileReference; lastKnownFileType = sourcecode.swift; path = NewsStoryTableViewCell.swift; sourceTree = "<group>"; };
		8F70574B26D23CBA00F94E37 /* Date and Calendar.swift */ = {isa = PBXFileReference; lastKnownFileType = sourcecode.swift; path = "Date and Calendar.swift"; sourceTree = "<group>"; };
		8F70574E26D23D3500F94E37 /* Numbers.swift */ = {isa = PBXFileReference; lastKnownFileType = sourcecode.swift; path = Numbers.swift; sourceTree = "<group>"; };
		8F70575026D23D7D00F94E37 /* Notification.swift */ = {isa = PBXFileReference; lastKnownFileType = sourcecode.swift; path = Notification.swift; sourceTree = "<group>"; };
		8F878BFB269E9B8D00ACE8AF /* StockQuote.swift */ = {isa = PBXFileReference; lastKnownFileType = sourcecode.swift; path = StockQuote.swift; sourceTree = "<group>"; };
		8F878BFD269F11B200ACE8AF /* StockData.swift */ = {isa = PBXFileReference; lastKnownFileType = sourcecode.swift; path = StockData.swift; sourceTree = "<group>"; };
		8F878BFF26A02EC200ACE8AF /* Metrics.swift */ = {isa = PBXFileReference; lastKnownFileType = sourcecode.swift; path = Metrics.swift; sourceTree = "<group>"; };
		8F878C0126A0330200ACE8AF /* StockDetailHeaderView.swift */ = {isa = PBXFileReference; lastKnownFileType = sourcecode.swift; path = StockDetailHeaderView.swift; sourceTree = "<group>"; };
		8F878C0326A0421700ACE8AF /* MetricCollectionViewCell.swift */ = {isa = PBXFileReference; lastKnownFileType = sourcecode.swift; path = MetricCollectionViewCell.swift; sourceTree = "<group>"; };
		8F878C0926A1AC8200ACE8AF /* StocksUnitTests.xctest */ = {isa = PBXFileReference; explicitFileType = wrapper.cfbundle; includeInIndex = 0; path = StocksUnitTests.xctest; sourceTree = BUILT_PRODUCTS_DIR; };
		8F878C0B26A1AC8200ACE8AF /* StocksUnitTests.swift */ = {isa = PBXFileReference; lastKnownFileType = sourcecode.swift; path = StocksUnitTests.swift; sourceTree = "<group>"; };
		8F878C0D26A1AC8200ACE8AF /* Info.plist */ = {isa = PBXFileReference; lastKnownFileType = text.plist.xml; path = Info.plist; sourceTree = "<group>"; };
		8F89E44A26CCC3EC002BD69E /* StockDetailHeaderTitleView.swift */ = {isa = PBXFileReference; lastKnownFileType = sourcecode.swift; path = StockDetailHeaderTitleView.swift; sourceTree = "<group>"; };
		8F89E45A26CE587E002BD69E /* API_Tests.swift */ = {isa = PBXFileReference; lastKnownFileType = sourcecode.swift; path = API_Tests.swift; sourceTree = "<group>"; };
		8F89E45C26CF5102002BD69E /* Persistence_Manager_Tests.swift */ = {isa = PBXFileReference; lastKnownFileType = sourcecode.swift; path = Persistence_Manager_Tests.swift; sourceTree = "<group>"; };
		8F89E45E26CFD386002BD69E /* CalendarManager.swift */ = {isa = PBXFileReference; lastKnownFileType = sourcecode.swift; path = CalendarManager.swift; sourceTree = "<group>"; };
		8F89E46026D005DE002BD69E /* Calendar_Manager_Tests.swift */ = {isa = PBXFileReference; lastKnownFileType = sourcecode.swift; path = Calendar_Manager_Tests.swift; sourceTree = "<group>"; };
		8FB254BD269D31A1004FF1C1 /* StockCandlesResponse.swift */ = {isa = PBXFileReference; lastKnownFileType = sourcecode.swift; path = StockCandlesResponse.swift; sourceTree = "<group>"; };
		8FB254BF269D7EC5004FF1C1 /* WatchListTableViewCell.swift */ = {isa = PBXFileReference; lastKnownFileType = sourcecode.swift; path = WatchListTableViewCell.swift; sourceTree = "<group>"; };
		8FB254C1269D8254004FF1C1 /* StockChartView.swift */ = {isa = PBXFileReference; lastKnownFileType = sourcecode.swift; path = StockChartView.swift; sourceTree = "<group>"; };
		8FEFA99926D4F4730083931E /* WatchlistFooterView.swift */ = {isa = PBXFileReference; lastKnownFileType = sourcecode.swift; path = WatchlistFooterView.swift; sourceTree = "<group>"; };
		8FEFA99B26D900BE0083931E /* CalendarDate.swift */ = {isa = PBXFileReference; lastKnownFileType = sourcecode.swift; path = CalendarDate.swift; sourceTree = "<group>"; };
		AB7E5693F4F7CF09432B130F /* Pods_Stocks.framework */ = {isa = PBXFileReference; explicitFileType = wrapper.framework; includeInIndex = 0; path = Pods_Stocks.framework; sourceTree = BUILT_PRODUCTS_DIR; };
/* End PBXFileReference section */

/* Begin PBXFrameworksBuildPhase section */
		8F11B93626986C8000F4AFD1 /* Frameworks */ = {
			isa = PBXFrameworksBuildPhase;
			buildActionMask = 2147483647;
			files = (
				90A45978F98F376669627D96 /* Pods_Stocks.framework in Frameworks */,
			);
			runOnlyForDeploymentPostprocessing = 0;
		};
		8F878C0626A1AC8200ACE8AF /* Frameworks */ = {
			isa = PBXFrameworksBuildPhase;
			buildActionMask = 2147483647;
			files = (
			);
			runOnlyForDeploymentPostprocessing = 0;
		};
/* End PBXFrameworksBuildPhase section */

/* Begin PBXGroup section */
		1A3026CD5E446DE06FED3506 /* Frameworks */ = {
			isa = PBXGroup;
			children = (
				AB7E5693F4F7CF09432B130F /* Pods_Stocks.framework */,
			);
			name = Frameworks;
			sourceTree = "<group>";
		};
		8F11B93026986C8000F4AFD1 = {
			isa = PBXGroup;
			children = (
				8F11B93B26986C8000F4AFD1 /* Stocks */,
				8F878C0A26A1AC8200ACE8AF /* StocksUnitTests */,
				8F11B93A26986C8000F4AFD1 /* Products */,
				DE0D97711CCC397E51BE2EDE /* Pods */,
				1A3026CD5E446DE06FED3506 /* Frameworks */,
			);
			sourceTree = "<group>";
		};
		8F11B93A26986C8000F4AFD1 /* Products */ = {
			isa = PBXGroup;
			children = (
				8F11B93926986C8000F4AFD1 /* U.S. Stocks.app */,
				8F878C0926A1AC8200ACE8AF /* StocksUnitTests.xctest */,
			);
			name = Products;
			sourceTree = "<group>";
		};
		8F11B93B26986C8000F4AFD1 /* Stocks */ = {
			isa = PBXGroup;
			children = (
				8F11B95026986CEF00F4AFD1 /* Models */,
				8F11B95126986CF600F4AFD1 /* Views */,
				8F1A309826DB3D050061A48A /* View Models */,
				8F11B95226986D0600F4AFD1 /* Controllers */,
				8F11B95326986D0D00F4AFD1 /* Managers */,
				8F70574D26D23CDF00F94E37 /* Extensions */,
				8F11B95426986D4700F4AFD1 /* Others */,
				8F11B94A26986C8200F4AFD1 /* Info.plist */,
			);
			path = Stocks;
			sourceTree = "<group>";
		};
		8F11B95026986CEF00F4AFD1 /* Models */ = {
			isa = PBXGroup;
			children = (
				8F11B9652699BAEC00F4AFD1 /* SearchResponse.swift */,
				8F65B6B7269B3B98001FC19D /* NewsStory.swift */,
				8FB254BD269D31A1004FF1C1 /* StockCandlesResponse.swift */,
				8F878BFB269E9B8D00ACE8AF /* StockQuote.swift */,
				8F878BFD269F11B200ACE8AF /* StockData.swift */,
				8F878BFF26A02EC200ACE8AF /* Metrics.swift */,
				8FEFA99B26D900BE0083931E /* CalendarDate.swift */,
			);
			path = Models;
			sourceTree = "<group>";
		};
		8F11B95126986CF600F4AFD1 /* Views */ = {
			isa = PBXGroup;
			children = (
				8F11B94726986C8200F4AFD1 /* LaunchScreen.storyboard */,
				8F11B9632699485F00F4AFD1 /* SearchResultTableViewCell.swift */,
				8F65B6B5269AE1B8001FC19D /* NewsHeaderView.swift */,
				8F65B6B9269C2116001FC19D /* NewsStoryTableViewCell.swift */,
				8FB254BF269D7EC5004FF1C1 /* WatchListTableViewCell.swift */,
				8FEFA99926D4F4730083931E /* WatchlistFooterView.swift */,
				8F89E44A26CCC3EC002BD69E /* StockDetailHeaderTitleView.swift */,
				8F878C0126A0330200ACE8AF /* StockDetailHeaderView.swift */,
				8FB254C1269D8254004FF1C1 /* StockChartView.swift */,
				8F878C0326A0421700ACE8AF /* MetricCollectionViewCell.swift */,
			);
			path = Views;
			sourceTree = "<group>";
		};
		8F11B95226986D0600F4AFD1 /* Controllers */ = {
			isa = PBXGroup;
			children = (
				8F11B94026986C8000F4AFD1 /* WatchListViewController.swift */,
				8F11B95526986DDA00F4AFD1 /* NewsViewController.swift */,
				8F11B95726986DE700F4AFD1 /* SearchResultViewController.swift */,
				8F11B95926986DF000F4AFD1 /* StockDetailsViewController.swift */,
			);
			path = Controllers;
			sourceTree = "<group>";
		};
		8F11B95326986D0D00F4AFD1 /* Managers */ = {
			isa = PBXGroup;
			children = (
				8F11B95B269871D800F4AFD1 /* APICaller.swift */,
				8F11B95D269871EA00F4AFD1 /* PersistenceManager.swift */,
				8F11B95F269871F600F4AFD1 /* HapticsManager.swift */,
				8F89E45E26CFD386002BD69E /* CalendarManager.swift */,
			);
			path = Managers;
			sourceTree = "<group>";
		};
		8F11B95426986D4700F4AFD1 /* Others */ = {
			isa = PBXGroup;
			children = (
				8F11B94526986C8200F4AFD1 /* Assets.xcassets */,
				8F11B93C26986C8000F4AFD1 /* AppDelegate.swift */,
				8F11B93E26986C8000F4AFD1 /* SceneDelegate.swift */,
			);
			path = Others;
			sourceTree = "<group>";
		};
		8F1A309826DB3D050061A48A /* View Models */ = {
			isa = PBXGroup;
			children = (
				8F1A309626DB3D010061A48A /* WatchlistTableViewCellViewModel.swift */,
			);
			path = "View Models";
			sourceTree = "<group>";
		};
		8F70574D26D23CDF00F94E37 /* Extensions */ = {
			isa = PBXGroup;
			children = (
				8F11B9612699457400F4AFD1 /* UIKit.swift */,
				8F70574B26D23CBA00F94E37 /* Date and Calendar.swift */,
				8F70574E26D23D3500F94E37 /* Numbers.swift */,
				8F70575026D23D7D00F94E37 /* Notification.swift */,
			);
			path = Extensions;
			sourceTree = "<group>";
		};
		8F878C0A26A1AC8200ACE8AF /* StocksUnitTests */ = {
			isa = PBXGroup;
			children = (
				8F878C0D26A1AC8200ACE8AF /* Info.plist */,
				8F89E45A26CE587E002BD69E /* API_Tests.swift */,
				8F878C0B26A1AC8200ACE8AF /* StocksUnitTests.swift */,
				8F89E45C26CF5102002BD69E /* Persistence_Manager_Tests.swift */,
				8F89E46026D005DE002BD69E /* Calendar_Manager_Tests.swift */,
			);
			path = StocksUnitTests;
			sourceTree = "<group>";
		};
		DE0D97711CCC397E51BE2EDE /* Pods */ = {
			isa = PBXGroup;
			children = (
				3FACF7EFFDBAD44899E988AD /* Pods-Stocks.debug.xcconfig */,
				6D6B2076100EBCB60072D3EB /* Pods-Stocks.release.xcconfig */,
			);
			path = Pods;
			sourceTree = "<group>";
		};
/* End PBXGroup section */

/* Begin PBXNativeTarget section */
		8F11B93826986C8000F4AFD1 /* Stocks */ = {
			isa = PBXNativeTarget;
			buildConfigurationList = 8F11B94D26986C8200F4AFD1 /* Build configuration list for PBXNativeTarget "Stocks" */;
			buildPhases = (
				B094139F3C84D173149156F2 /* [CP] Check Pods Manifest.lock */,
				8F11B93526986C8000F4AFD1 /* Sources */,
				8F11B93626986C8000F4AFD1 /* Frameworks */,
				8F11B93726986C8000F4AFD1 /* Resources */,
				0D872C1E02D2C9128739063C /* [CP] Embed Pods Frameworks */,
			);
			buildRules = (
			);
			dependencies = (
			);
			name = Stocks;
			productName = Stocks;
			productReference = 8F11B93926986C8000F4AFD1 /* U.S. Stocks.app */;
			productType = "com.apple.product-type.application";
		};
		8F878C0826A1AC8200ACE8AF /* StocksUnitTests */ = {
			isa = PBXNativeTarget;
			buildConfigurationList = 8F878C1026A1AC8200ACE8AF /* Build configuration list for PBXNativeTarget "StocksUnitTests" */;
			buildPhases = (
				8F878C0526A1AC8200ACE8AF /* Sources */,
				8F878C0626A1AC8200ACE8AF /* Frameworks */,
				8F878C0726A1AC8200ACE8AF /* Resources */,
			);
			buildRules = (
			);
			dependencies = (
				8F878C0F26A1AC8200ACE8AF /* PBXTargetDependency */,
			);
			name = StocksUnitTests;
			productName = StocksUnitTests;
			productReference = 8F878C0926A1AC8200ACE8AF /* StocksUnitTests.xctest */;
			productType = "com.apple.product-type.bundle.unit-test";
		};
/* End PBXNativeTarget section */

/* Begin PBXProject section */
		8F11B93126986C8000F4AFD1 /* Project object */ = {
			isa = PBXProject;
			attributes = {
				LastSwiftUpdateCheck = 1250;
				LastUpgradeCheck = 1250;
				TargetAttributes = {
					8F11B93826986C8000F4AFD1 = {
						CreatedOnToolsVersion = 12.5.1;
					};
					8F878C0826A1AC8200ACE8AF = {
						CreatedOnToolsVersion = 12.5.1;
						TestTargetID = 8F11B93826986C8000F4AFD1;
					};
				};
			};
			buildConfigurationList = 8F11B93426986C8000F4AFD1 /* Build configuration list for PBXProject "Stocks" */;
			compatibilityVersion = "Xcode 9.3";
			developmentRegion = en;
			hasScannedForEncodings = 0;
			knownRegions = (
				en,
				Base,
			);
			mainGroup = 8F11B93026986C8000F4AFD1;
			productRefGroup = 8F11B93A26986C8000F4AFD1 /* Products */;
			projectDirPath = "";
			projectRoot = "";
			targets = (
				8F11B93826986C8000F4AFD1 /* Stocks */,
				8F878C0826A1AC8200ACE8AF /* StocksUnitTests */,
			);
		};
/* End PBXProject section */

/* Begin PBXResourcesBuildPhase section */
		8F11B93726986C8000F4AFD1 /* Resources */ = {
			isa = PBXResourcesBuildPhase;
			buildActionMask = 2147483647;
			files = (
				8F11B94926986C8200F4AFD1 /* LaunchScreen.storyboard in Resources */,
				8F11B94626986C8200F4AFD1 /* Assets.xcassets in Resources */,
			);
			runOnlyForDeploymentPostprocessing = 0;
		};
		8F878C0726A1AC8200ACE8AF /* Resources */ = {
			isa = PBXResourcesBuildPhase;
			buildActionMask = 2147483647;
			files = (
			);
			runOnlyForDeploymentPostprocessing = 0;
		};
/* End PBXResourcesBuildPhase section */

/* Begin PBXShellScriptBuildPhase section */
		0D872C1E02D2C9128739063C /* [CP] Embed Pods Frameworks */ = {
			isa = PBXShellScriptBuildPhase;
			buildActionMask = 2147483647;
			files = (
			);
			inputFileListPaths = (
				"${PODS_ROOT}/Target Support Files/Pods-Stocks/Pods-Stocks-frameworks-${CONFIGURATION}-input-files.xcfilelist",
			);
			name = "[CP] Embed Pods Frameworks";
			outputFileListPaths = (
				"${PODS_ROOT}/Target Support Files/Pods-Stocks/Pods-Stocks-frameworks-${CONFIGURATION}-output-files.xcfilelist",
			);
			runOnlyForDeploymentPostprocessing = 0;
			shellPath = /bin/sh;
			shellScript = "\"${PODS_ROOT}/Target Support Files/Pods-Stocks/Pods-Stocks-frameworks.sh\"\n";
			showEnvVarsInLog = 0;
		};
		B094139F3C84D173149156F2 /* [CP] Check Pods Manifest.lock */ = {
			isa = PBXShellScriptBuildPhase;
			buildActionMask = 2147483647;
			files = (
			);
			inputFileListPaths = (
			);
			inputPaths = (
				"${PODS_PODFILE_DIR_PATH}/Podfile.lock",
				"${PODS_ROOT}/Manifest.lock",
			);
			name = "[CP] Check Pods Manifest.lock";
			outputFileListPaths = (
			);
			outputPaths = (
				"$(DERIVED_FILE_DIR)/Pods-Stocks-checkManifestLockResult.txt",
			);
			runOnlyForDeploymentPostprocessing = 0;
			shellPath = /bin/sh;
			shellScript = "diff \"${PODS_PODFILE_DIR_PATH}/Podfile.lock\" \"${PODS_ROOT}/Manifest.lock\" > /dev/null\nif [ $? != 0 ] ; then\n    # print error to STDERR\n    echo \"error: The sandbox is not in sync with the Podfile.lock. Run 'pod install' or update your CocoaPods installation.\" >&2\n    exit 1\nfi\n# This output is used by Xcode 'outputs' to avoid re-running this script phase.\necho \"SUCCESS\" > \"${SCRIPT_OUTPUT_FILE_0}\"\n";
			showEnvVarsInLog = 0;
		};
/* End PBXShellScriptBuildPhase section */

/* Begin PBXSourcesBuildPhase section */
		8F11B93526986C8000F4AFD1 /* Sources */ = {
			isa = PBXSourcesBuildPhase;
			buildActionMask = 2147483647;
			files = (
				8F89E44B26CCC3EC002BD69E /* StockDetailHeaderTitleView.swift in Sources */,
				8FB254BE269D31A1004FF1C1 /* StockCandlesResponse.swift in Sources */,
				8F878BFC269E9B8D00ACE8AF /* StockQuote.swift in Sources */,
				8F1A309726DB3D010061A48A /* WatchlistTableViewCellViewModel.swift in Sources */,
				8F11B960269871F700F4AFD1 /* HapticsManager.swift in Sources */,
				8F89E45F26CFD386002BD69E /* CalendarManager.swift in Sources */,
				8F11B9642699485F00F4AFD1 /* SearchResultTableViewCell.swift in Sources */,
				8F11B95A26986DF000F4AFD1 /* StockDetailsViewController.swift in Sources */,
				8FEFA99C26D900BE0083931E /* CalendarDate.swift in Sources */,
				8F11B94126986C8000F4AFD1 /* WatchListViewController.swift in Sources */,
				8F11B95E269871EA00F4AFD1 /* PersistenceManager.swift in Sources */,
				8F11B95626986DDA00F4AFD1 /* NewsViewController.swift in Sources */,
				8F878BFE269F11B200ACE8AF /* StockData.swift in Sources */,
				8F878C0226A0330200ACE8AF /* StockDetailHeaderView.swift in Sources */,
				8FEFA99A26D4F4730083931E /* WatchlistFooterView.swift in Sources */,
				8F65B6B8269B3B98001FC19D /* NewsStory.swift in Sources */,
				8F11B9622699457400F4AFD1 /* UIKit.swift in Sources */,
				8F65B6BA269C2116001FC19D /* NewsStoryTableViewCell.swift in Sources */,
				8FB254C2269D8254004FF1C1 /* StockChartView.swift in Sources */,
				8F11B95C269871D800F4AFD1 /* APICaller.swift in Sources */,
				8F11B9662699BAEC00F4AFD1 /* SearchResponse.swift in Sources */,
				8F65B6B6269AE1B8001FC19D /* NewsHeaderView.swift in Sources */,
				8F11B95826986DE700F4AFD1 /* SearchResultViewController.swift in Sources */,
				8F11B93D26986C8000F4AFD1 /* AppDelegate.swift in Sources */,
				8FB254C0269D7EC5004FF1C1 /* WatchListTableViewCell.swift in Sources */,
				8F878C0426A0421700ACE8AF /* MetricCollectionViewCell.swift in Sources */,
				8F70574C26D23CBA00F94E37 /* Date and Calendar.swift in Sources */,
				8F70575126D23D7D00F94E37 /* Notification.swift in Sources */,
				8F11B93F26986C8000F4AFD1 /* SceneDelegate.swift in Sources */,
				8F878C0026A02EC200ACE8AF /* Metrics.swift in Sources */,
				8F70574F26D23D3500F94E37 /* Numbers.swift in Sources */,
			);
			runOnlyForDeploymentPostprocessing = 0;
		};
		8F878C0526A1AC8200ACE8AF /* Sources */ = {
			isa = PBXSourcesBuildPhase;
			buildActionMask = 2147483647;
			files = (
				8F89E45D26CF5102002BD69E /* Persistence_Manager_Tests.swift in Sources */,
				8F89E46126D005DE002BD69E /* Calendar_Manager_Tests.swift in Sources */,
				8F89E45B26CE587E002BD69E /* API_Tests.swift in Sources */,
				8F878C0C26A1AC8200ACE8AF /* StocksUnitTests.swift in Sources */,
			);
			runOnlyForDeploymentPostprocessing = 0;
		};
/* End PBXSourcesBuildPhase section */

/* Begin PBXTargetDependency section */
		8F878C0F26A1AC8200ACE8AF /* PBXTargetDependency */ = {
			isa = PBXTargetDependency;
			target = 8F11B93826986C8000F4AFD1 /* Stocks */;
			targetProxy = 8F878C0E26A1AC8200ACE8AF /* PBXContainerItemProxy */;
		};
/* End PBXTargetDependency section */

/* Begin PBXVariantGroup section */
		8F11B94726986C8200F4AFD1 /* LaunchScreen.storyboard */ = {
			isa = PBXVariantGroup;
			children = (
				8F11B94826986C8200F4AFD1 /* Base */,
			);
			name = LaunchScreen.storyboard;
			sourceTree = "<group>";
		};
/* End PBXVariantGroup section */

/* Begin XCBuildConfiguration section */
		8F11B94B26986C8200F4AFD1 /* Debug */ = {
			isa = XCBuildConfiguration;
			buildSettings = {
				ALWAYS_SEARCH_USER_PATHS = NO;
				CLANG_ANALYZER_NONNULL = YES;
				CLANG_ANALYZER_NUMBER_OBJECT_CONVERSION = YES_AGGRESSIVE;
				CLANG_CXX_LANGUAGE_STANDARD = "gnu++14";
				CLANG_CXX_LIBRARY = "libc++";
				CLANG_ENABLE_MODULES = YES;
				CLANG_ENABLE_OBJC_ARC = YES;
				CLANG_ENABLE_OBJC_WEAK = YES;
				CLANG_WARN_BLOCK_CAPTURE_AUTORELEASING = YES;
				CLANG_WARN_BOOL_CONVERSION = YES;
				CLANG_WARN_COMMA = YES;
				CLANG_WARN_CONSTANT_CONVERSION = YES;
				CLANG_WARN_DEPRECATED_OBJC_IMPLEMENTATIONS = YES;
				CLANG_WARN_DIRECT_OBJC_ISA_USAGE = YES_ERROR;
				CLANG_WARN_DOCUMENTATION_COMMENTS = YES;
				CLANG_WARN_EMPTY_BODY = YES;
				CLANG_WARN_ENUM_CONVERSION = YES;
				CLANG_WARN_INFINITE_RECURSION = YES;
				CLANG_WARN_INT_CONVERSION = YES;
				CLANG_WARN_NON_LITERAL_NULL_CONVERSION = YES;
				CLANG_WARN_OBJC_IMPLICIT_RETAIN_SELF = YES;
				CLANG_WARN_OBJC_LITERAL_CONVERSION = YES;
				CLANG_WARN_OBJC_ROOT_CLASS = YES_ERROR;
				CLANG_WARN_QUOTED_INCLUDE_IN_FRAMEWORK_HEADER = YES;
				CLANG_WARN_RANGE_LOOP_ANALYSIS = YES;
				CLANG_WARN_STRICT_PROTOTYPES = YES;
				CLANG_WARN_SUSPICIOUS_MOVE = YES;
				CLANG_WARN_UNGUARDED_AVAILABILITY = YES_AGGRESSIVE;
				CLANG_WARN_UNREACHABLE_CODE = YES;
				CLANG_WARN__DUPLICATE_METHOD_MATCH = YES;
				COPY_PHASE_STRIP = NO;
				DEBUG_INFORMATION_FORMAT = dwarf;
				ENABLE_STRICT_OBJC_MSGSEND = YES;
				ENABLE_TESTABILITY = YES;
				GCC_C_LANGUAGE_STANDARD = gnu11;
				GCC_DYNAMIC_NO_PIC = NO;
				GCC_NO_COMMON_BLOCKS = YES;
				GCC_OPTIMIZATION_LEVEL = 0;
				GCC_PREPROCESSOR_DEFINITIONS = (
					"DEBUG=1",
					"$(inherited)",
				);
				GCC_WARN_64_TO_32_BIT_CONVERSION = YES;
				GCC_WARN_ABOUT_RETURN_TYPE = YES_ERROR;
				GCC_WARN_UNDECLARED_SELECTOR = YES;
				GCC_WARN_UNINITIALIZED_AUTOS = YES_AGGRESSIVE;
				GCC_WARN_UNUSED_FUNCTION = YES;
				GCC_WARN_UNUSED_VARIABLE = YES;
				IPHONEOS_DEPLOYMENT_TARGET = 13.0;
				MTL_ENABLE_DEBUG_INFO = INCLUDE_SOURCE;
				MTL_FAST_MATH = YES;
				ONLY_ACTIVE_ARCH = YES;
				SDKROOT = iphoneos;
				SWIFT_ACTIVE_COMPILATION_CONDITIONS = DEBUG;
				SWIFT_OPTIMIZATION_LEVEL = "-Onone";
			};
			name = Debug;
		};
		8F11B94C26986C8200F4AFD1 /* Release */ = {
			isa = XCBuildConfiguration;
			buildSettings = {
				ALWAYS_SEARCH_USER_PATHS = NO;
				CLANG_ANALYZER_NONNULL = YES;
				CLANG_ANALYZER_NUMBER_OBJECT_CONVERSION = YES_AGGRESSIVE;
				CLANG_CXX_LANGUAGE_STANDARD = "gnu++14";
				CLANG_CXX_LIBRARY = "libc++";
				CLANG_ENABLE_MODULES = YES;
				CLANG_ENABLE_OBJC_ARC = YES;
				CLANG_ENABLE_OBJC_WEAK = YES;
				CLANG_WARN_BLOCK_CAPTURE_AUTORELEASING = YES;
				CLANG_WARN_BOOL_CONVERSION = YES;
				CLANG_WARN_COMMA = YES;
				CLANG_WARN_CONSTANT_CONVERSION = YES;
				CLANG_WARN_DEPRECATED_OBJC_IMPLEMENTATIONS = YES;
				CLANG_WARN_DIRECT_OBJC_ISA_USAGE = YES_ERROR;
				CLANG_WARN_DOCUMENTATION_COMMENTS = YES;
				CLANG_WARN_EMPTY_BODY = YES;
				CLANG_WARN_ENUM_CONVERSION = YES;
				CLANG_WARN_INFINITE_RECURSION = YES;
				CLANG_WARN_INT_CONVERSION = YES;
				CLANG_WARN_NON_LITERAL_NULL_CONVERSION = YES;
				CLANG_WARN_OBJC_IMPLICIT_RETAIN_SELF = YES;
				CLANG_WARN_OBJC_LITERAL_CONVERSION = YES;
				CLANG_WARN_OBJC_ROOT_CLASS = YES_ERROR;
				CLANG_WARN_QUOTED_INCLUDE_IN_FRAMEWORK_HEADER = YES;
				CLANG_WARN_RANGE_LOOP_ANALYSIS = YES;
				CLANG_WARN_STRICT_PROTOTYPES = YES;
				CLANG_WARN_SUSPICIOUS_MOVE = YES;
				CLANG_WARN_UNGUARDED_AVAILABILITY = YES_AGGRESSIVE;
				CLANG_WARN_UNREACHABLE_CODE = YES;
				CLANG_WARN__DUPLICATE_METHOD_MATCH = YES;
				COPY_PHASE_STRIP = NO;
				DEBUG_INFORMATION_FORMAT = "dwarf-with-dsym";
				ENABLE_NS_ASSERTIONS = NO;
				ENABLE_STRICT_OBJC_MSGSEND = YES;
				GCC_C_LANGUAGE_STANDARD = gnu11;
				GCC_NO_COMMON_BLOCKS = YES;
				GCC_WARN_64_TO_32_BIT_CONVERSION = YES;
				GCC_WARN_ABOUT_RETURN_TYPE = YES_ERROR;
				GCC_WARN_UNDECLARED_SELECTOR = YES;
				GCC_WARN_UNINITIALIZED_AUTOS = YES_AGGRESSIVE;
				GCC_WARN_UNUSED_FUNCTION = YES;
				GCC_WARN_UNUSED_VARIABLE = YES;
				IPHONEOS_DEPLOYMENT_TARGET = 13.0;
				MTL_ENABLE_DEBUG_INFO = NO;
				MTL_FAST_MATH = YES;
				SDKROOT = iphoneos;
				SWIFT_COMPILATION_MODE = wholemodule;
				SWIFT_OPTIMIZATION_LEVEL = "-O";
				VALIDATE_PRODUCT = YES;
			};
			name = Release;
		};
		8F11B94E26986C8200F4AFD1 /* Debug */ = {
			isa = XCBuildConfiguration;
			baseConfigurationReference = 3FACF7EFFDBAD44899E988AD /* Pods-Stocks.debug.xcconfig */;
			buildSettings = {
				ASSETCATALOG_COMPILER_APPICON_NAME = AppIcon;
				ASSETCATALOG_COMPILER_GLOBAL_ACCENT_COLOR_NAME = AccentColor;
				CODE_SIGN_STYLE = Automatic;
				DEVELOPMENT_TEAM = 94WY3HPZ4Q;
				INFOPLIST_FILE = Stocks/Info.plist;
				LD_RUNPATH_SEARCH_PATHS = (
					"$(inherited)",
					"@executable_path/Frameworks",
				);
				PRODUCT_BUNDLE_IDENTIFIER = com.jasonou.USStocks;
				PRODUCT_NAME = "U.S. Stocks";
				SWIFT_VERSION = 5.0;
				TARGETED_DEVICE_FAMILY = 1;
			};
			name = Debug;
		};
		8F11B94F26986C8200F4AFD1 /* Release */ = {
			isa = XCBuildConfiguration;
			baseConfigurationReference = 6D6B2076100EBCB60072D3EB /* Pods-Stocks.release.xcconfig */;
			buildSettings = {
				ASSETCATALOG_COMPILER_APPICON_NAME = AppIcon;
				ASSETCATALOG_COMPILER_GLOBAL_ACCENT_COLOR_NAME = AccentColor;
				CODE_SIGN_STYLE = Automatic;
				DEVELOPMENT_TEAM = 94WY3HPZ4Q;
				INFOPLIST_FILE = Stocks/Info.plist;
				LD_RUNPATH_SEARCH_PATHS = (
					"$(inherited)",
					"@executable_path/Frameworks",
				);
				PRODUCT_BUNDLE_IDENTIFIER = com.jasonou.USStocks;
				PRODUCT_NAME = "U.S. Stocks";
				SWIFT_VERSION = 5.0;
				TARGETED_DEVICE_FAMILY = 1;
			};
			name = Release;
		};
		8F878C1126A1AC8200ACE8AF /* Debug */ = {
			isa = XCBuildConfiguration;
			buildSettings = {
				BUNDLE_LOADER = "$(TEST_HOST)";
				CODE_SIGN_STYLE = Automatic;
				DEVELOPMENT_TEAM = 94WY3HPZ4Q;
				INFOPLIST_FILE = StocksUnitTests/Info.plist;
				IPHONEOS_DEPLOYMENT_TARGET = 14.5;
				LD_RUNPATH_SEARCH_PATHS = (
					"$(inherited)",
					"@executable_path/Frameworks",
					"@loader_path/Frameworks",
				);
				PRODUCT_BUNDLE_IDENTIFIER = com.jasonou.StocksUnitTests;
				PRODUCT_NAME = "$(TARGET_NAME)";
				SWIFT_VERSION = 5.0;
				TARGETED_DEVICE_FAMILY = "1,2";
				TEST_HOST = "$(BUILT_PRODUCTS_DIR)/U.S. Stocks.app/U.S. Stocks";
			};
			name = Debug;
		};
		8F878C1226A1AC8200ACE8AF /* Release */ = {
			isa = XCBuildConfiguration;
			buildSettings = {
				BUNDLE_LOADER = "$(TEST_HOST)";
				CODE_SIGN_STYLE = Automatic;
				DEVELOPMENT_TEAM = 94WY3HPZ4Q;
				INFOPLIST_FILE = StocksUnitTests/Info.plist;
				IPHONEOS_DEPLOYMENT_TARGET = 14.5;
				LD_RUNPATH_SEARCH_PATHS = (
					"$(inherited)",
					"@executable_path/Frameworks",
					"@loader_path/Frameworks",
				);
				PRODUCT_BUNDLE_IDENTIFIER = com.jasonou.StocksUnitTests;
				PRODUCT_NAME = "$(TARGET_NAME)";
				SWIFT_VERSION = 5.0;
				TARGETED_DEVICE_FAMILY = "1,2";
				TEST_HOST = "$(BUILT_PRODUCTS_DIR)/U.S. Stocks.app/U.S. Stocks";
			};
			name = Release;
		};
/* End XCBuildConfiguration section */

/* Begin XCConfigurationList section */
		8F11B93426986C8000F4AFD1 /* Build configuration list for PBXProject "Stocks" */ = {
			isa = XCConfigurationList;
			buildConfigurations = (
				8F11B94B26986C8200F4AFD1 /* Debug */,
				8F11B94C26986C8200F4AFD1 /* Release */,
			);
			defaultConfigurationIsVisible = 0;
			defaultConfigurationName = Release;
		};
		8F11B94D26986C8200F4AFD1 /* Build configuration list for PBXNativeTarget "Stocks" */ = {
			isa = XCConfigurationList;
			buildConfigurations = (
				8F11B94E26986C8200F4AFD1 /* Debug */,
				8F11B94F26986C8200F4AFD1 /* Release */,
			);
			defaultConfigurationIsVisible = 0;
			defaultConfigurationName = Release;
		};
		8F878C1026A1AC8200ACE8AF /* Build configuration list for PBXNativeTarget "StocksUnitTests" */ = {
			isa = XCConfigurationList;
			buildConfigurations = (
				8F878C1126A1AC8200ACE8AF /* Debug */,
				8F878C1226A1AC8200ACE8AF /* Release */,
			);
			defaultConfigurationIsVisible = 0;
			defaultConfigurationName = Release;
		};
/* End XCConfigurationList section */
	};
	rootObject = 8F11B93126986C8000F4AFD1 /* Project object */;
}
